
Microsoft Visual Studio Solution File, Format Version 12.00
# Visual Studio Version 17
VisualStudioVersion = 17.6.33723.286
MinimumVisualStudioVersion = 10.0.40219.1
Project("{FAE04EC0-301F-11D3-BF4B-00C04F79EFBC}") = "momsAppServer", "momsAppServer.csproj", "{19C1C534-EC17-4125-8D84-DEED60884BF0}"
EndProject
Global
	GlobalSection(SolutionConfigurationPlatforms) = preSolution
		Debug|Any CPU = Debug|Any CPU
		Release|Any CPU = Release|Any CPU
	EndGlobalSection
	GlobalSection(ProjectConfigurationPlatforms) = postSolution
		{19C1C534-EC17-4125-8D84-DEED60884BF0}.Debug|Any CPU.ActiveCfg = Debug|Any CPU
		{19C1C534-EC17-4125-8D84-DEED60884BF0}.Debug|Any CPU.Build.0 = Debug|Any CPU
		{19C1C534-EC17-4125-8D84-DEED60884BF0}.Release|Any CPU.ActiveCfg = Release|Any CPU
		{19C1C534-EC17-4125-8D84-DEED60884BF0}.Release|Any CPU.Build.0 = Release|Any CPU
	EndGlobalSection
	GlobalSection(SolutionProperties) = preSolution
		HideSolutionNode = FALSE
	EndGlobalSection
	GlobalSection(ExtensibilityGlobals) = postSolution
		SolutionGuid = {419DAECA-21DB-40F0-AA11-574C0E357A08}
	EndGlobalSection
EndGlobal
