
Microsoft Visual Studio Solution File, Format Version 12.00
# Visual Studio Version 17
VisualStudioVersion = 17.6.33723.286
MinimumVisualStudioVersion = 10.0.40219.1
Project("{FAE04EC0-301F-11D3-BF4B-00C04F79EFBC}") = "payrollCalculatorApi", "payrollCalculatorApi.csproj", "{1FC76EC9-DF4C-42B2-B5AD-3E07BBE85871}"
EndProject
Global
	GlobalSection(SolutionConfigurationPlatforms) = preSolution
		Debug|Any CPU = Debug|Any CPU
		Release|Any CPU = Release|Any CPU
	EndGlobalSection
	GlobalSection(ProjectConfigurationPlatforms) = postSolution
		{1FC76EC9-DF4C-42B2-B5AD-3E07BBE85871}.Debug|Any CPU.ActiveCfg = Debug|Any CPU
		{1FC76EC9-DF4C-42B2-B5AD-3E07BBE85871}.Debug|Any CPU.Build.0 = Debug|Any CPU
		{1FC76EC9-DF4C-42B2-B5AD-3E07BBE85871}.Release|Any CPU.ActiveCfg = Release|Any CPU
		{1FC76EC9-DF4C-42B2-B5AD-3E07BBE85871}.Release|Any CPU.Build.0 = Release|Any CPU
	EndGlobalSection
	GlobalSection(SolutionProperties) = preSolution
		HideSolutionNode = FALSE
	EndGlobalSection
	GlobalSection(ExtensibilityGlobals) = postSolution
		SolutionGuid = {BB5695AD-E5E9-433E-A835-2001367C92C0}
	EndGlobalSection
EndGlobal
